
Microsoft Visual Studio Solution File, Format Version 12.00
# Visual Studio Version 16
VisualStudioVersion = 16.0.810.11
MinimumVisualStudioVersion = 10.0.40219.1
Project("{FAE04EC0-301F-11D3-BF4B-00C04F79EFBC}") = "Italbytz.Ports.Exam.Networks", "Italbytz.Ports.Exam.Networks\Italbytz.Ports.Exam.Networks.csproj", "{66740518-B87E-425D-A6EA-7B587EFF84E5}"
EndProject
Global
	GlobalSection(SolutionConfigurationPlatforms) = preSolution
		Debug|Any CPU = Debug|Any CPU
		Release|Any CPU = Release|Any CPU
	EndGlobalSection
	GlobalSection(ProjectConfigurationPlatforms) = postSolution
		{66740518-B87E-425D-A6EA-7B587EFF84E5}.Debug|Any CPU.ActiveCfg = Debug|Any CPU
		{66740518-B87E-425D-A6EA-7B587EFF84E5}.Debug|Any CPU.Build.0 = Debug|Any CPU
		{66740518-B87E-425D-A6EA-7B587EFF84E5}.Release|Any CPU.ActiveCfg = Release|Any CPU
		{66740518-B87E-425D-A6EA-7B587EFF84E5}.Release|Any CPU.Build.0 = Release|Any CPU
	EndGlobalSection
	GlobalSection(SolutionProperties) = preSolution
		HideSolutionNode = FALSE
	EndGlobalSection
	GlobalSection(ExtensibilityGlobals) = postSolution
		SolutionGuid = {B0C4EC21-0ADF-4EB0-9661-C35FCBE31F1F}
	EndGlobalSection
EndGlobal
